
Microsoft Visual Studio Solution File, Format Version 12.00
# Visual Studio Version 16
VisualStudioVersion = 16.0.28527.54
MinimumVisualStudioVersion = 15.0.26124.0
Project("{2150E333-8FDC-42A3-9474-1A3956D46DE8}") = "src", "src", "{7A03C2FB-5D87-4BE7-9089-CE1C252DCE6B}"
EndProject
Project("{9A19103F-16F7-4668-BE54-9A1E7A4F7556}") = "ApplicationCore", "src\ApplicationCore\ApplicationCore.csproj", "{C2B51F65-A53C-4352-B039-249AE5BF8A46}"
EndProject
Project("{9A19103F-16F7-4668-BE54-9A1E7A4F7556}") = "Infrastructure", "src\Infrastructure\Infrastructure.csproj", "{52E37D57-75A7-44D0-9E17-FAF6FD5438A2}"
EndProject
Project("{9A19103F-16F7-4668-BE54-9A1E7A4F7556}") = "Api", "src\ShinookMusicStore.Api\Api.csproj", "{23363885-EEA4-4E6A-A306-97F63C1E9D84}"
EndProject
Project("{9A19103F-16F7-4668-BE54-9A1E7A4F7556}") = "UnitTests", "tests\UnitTests\UnitTests.csproj", "{00F63756-6D32-4BAA-BCF6-E4CA1691ED81}"
EndProject
Project("{2150E333-8FDC-42A3-9474-1A3956D46DE8}") = "tests", "tests", "{48F94D37-EDF8-4CE5-A4E7-CC406B187A05}"
EndProject
Global
	GlobalSection(SolutionConfigurationPlatforms) = preSolution
		Debug|Any CPU = Debug|Any CPU
		Debug|x64 = Debug|x64
		Debug|x86 = Debug|x86
		Release|Any CPU = Release|Any CPU
		Release|x64 = Release|x64
		Release|x86 = Release|x86
	EndGlobalSection
	GlobalSection(ProjectConfigurationPlatforms) = postSolution
		{C2B51F65-A53C-4352-B039-249AE5BF8A46}.Debug|Any CPU.ActiveCfg = Debug|Any CPU
		{C2B51F65-A53C-4352-B039-249AE5BF8A46}.Debug|Any CPU.Build.0 = Debug|Any CPU
		{C2B51F65-A53C-4352-B039-249AE5BF8A46}.Debug|x64.ActiveCfg = Debug|Any CPU
		{C2B51F65-A53C-4352-B039-249AE5BF8A46}.Debug|x64.Build.0 = Debug|Any CPU
		{C2B51F65-A53C-4352-B039-249AE5BF8A46}.Debug|x86.ActiveCfg = Debug|Any CPU
		{C2B51F65-A53C-4352-B039-249AE5BF8A46}.Debug|x86.Build.0 = Debug|Any CPU
		{C2B51F65-A53C-4352-B039-249AE5BF8A46}.Release|Any CPU.ActiveCfg = Release|Any CPU
		{C2B51F65-A53C-4352-B039-249AE5BF8A46}.Release|Any CPU.Build.0 = Release|Any CPU
		{C2B51F65-A53C-4352-B039-249AE5BF8A46}.Release|x64.ActiveCfg = Release|Any CPU
		{C2B51F65-A53C-4352-B039-249AE5BF8A46}.Release|x64.Build.0 = Release|Any CPU
		{C2B51F65-A53C-4352-B039-249AE5BF8A46}.Release|x86.ActiveCfg = Release|Any CPU
		{C2B51F65-A53C-4352-B039-249AE5BF8A46}.Release|x86.Build.0 = Release|Any CPU
		{52E37D57-75A7-44D0-9E17-FAF6FD5438A2}.Debug|Any CPU.ActiveCfg = Debug|Any CPU
		{52E37D57-75A7-44D0-9E17-FAF6FD5438A2}.Debug|Any CPU.Build.0 = Debug|Any CPU
		{52E37D57-75A7-44D0-9E17-FAF6FD5438A2}.Debug|x64.ActiveCfg = Debug|Any CPU
		{52E37D57-75A7-44D0-9E17-FAF6FD5438A2}.Debug|x64.Build.0 = Debug|Any CPU
		{52E37D57-75A7-44D0-9E17-FAF6FD5438A2}.Debug|x86.ActiveCfg = Debug|Any CPU
		{52E37D57-75A7-44D0-9E17-FAF6FD5438A2}.Debug|x86.Build.0 = Debug|Any CPU
		{52E37D57-75A7-44D0-9E17-FAF6FD5438A2}.Release|Any CPU.ActiveCfg = Release|Any CPU
		{52E37D57-75A7-44D0-9E17-FAF6FD5438A2}.Release|Any CPU.Build.0 = Release|Any CPU
		{52E37D57-75A7-44D0-9E17-FAF6FD5438A2}.Release|x64.ActiveCfg = Release|Any CPU
		{52E37D57-75A7-44D0-9E17-FAF6FD5438A2}.Release|x64.Build.0 = Release|Any CPU
		{52E37D57-75A7-44D0-9E17-FAF6FD5438A2}.Release|x86.ActiveCfg = Release|Any CPU
		{52E37D57-75A7-44D0-9E17-FAF6FD5438A2}.Release|x86.Build.0 = Release|Any CPU
		{23363885-EEA4-4E6A-A306-97F63C1E9D84}.Debug|Any CPU.ActiveCfg = Debug|Any CPU
		{23363885-EEA4-4E6A-A306-97F63C1E9D84}.Debug|Any CPU.Build.0 = Debug|Any CPU
		{23363885-EEA4-4E6A-A306-97F63C1E9D84}.Debug|x64.ActiveCfg = Debug|Any CPU
		{23363885-EEA4-4E6A-A306-97F63C1E9D84}.Debug|x64.Build.0 = Debug|Any CPU
		{23363885-EEA4-4E6A-A306-97F63C1E9D84}.Debug|x86.ActiveCfg = Debug|Any CPU
		{23363885-EEA4-4E6A-A306-97F63C1E9D84}.Debug|x86.Build.0 = Debug|Any CPU
		{23363885-EEA4-4E6A-A306-97F63C1E9D84}.Release|Any CPU.ActiveCfg = Release|Any CPU
		{23363885-EEA4-4E6A-A306-97F63C1E9D84}.Release|Any CPU.Build.0 = Release|Any CPU
		{23363885-EEA4-4E6A-A306-97F63C1E9D84}.Release|x64.ActiveCfg = Release|Any CPU
		{23363885-EEA4-4E6A-A306-97F63C1E9D84}.Release|x64.Build.0 = Release|Any CPU
		{23363885-EEA4-4E6A-A306-97F63C1E9D84}.Release|x86.ActiveCfg = Release|Any CPU
		{23363885-EEA4-4E6A-A306-97F63C1E9D84}.Release|x86.Build.0 = Release|Any CPU
		{00F63756-6D32-4BAA-BCF6-E4CA1691ED81}.Debug|Any CPU.ActiveCfg = Debug|Any CPU
		{00F63756-6D32-4BAA-BCF6-E4CA1691ED81}.Debug|Any CPU.Build.0 = Debug|Any CPU
		{00F63756-6D32-4BAA-BCF6-E4CA1691ED81}.Debug|x64.ActiveCfg = Debug|Any CPU
		{00F63756-6D32-4BAA-BCF6-E4CA1691ED81}.Debug|x64.Build.0 = Debug|Any CPU
		{00F63756-6D32-4BAA-BCF6-E4CA1691ED81}.Debug|x86.ActiveCfg = Debug|Any CPU
		{00F63756-6D32-4BAA-BCF6-E4CA1691ED81}.Debug|x86.Build.0 = Debug|Any CPU
		{00F63756-6D32-4BAA-BCF6-E4CA1691ED81}.Release|Any CPU.ActiveCfg = Release|Any CPU
		{00F63756-6D32-4BAA-BCF6-E4CA1691ED81}.Release|Any CPU.Build.0 = Release|Any CPU
		{00F63756-6D32-4BAA-BCF6-E4CA1691ED81}.Release|x64.ActiveCfg = Release|Any CPU
		{00F63756-6D32-4BAA-BCF6-E4CA1691ED81}.Release|x64.Build.0 = Release|Any CPU
		{00F63756-6D32-4BAA-BCF6-E4CA1691ED81}.Release|x86.ActiveCfg = Release|Any CPU
		{00F63756-6D32-4BAA-BCF6-E4CA1691ED81}.Release|x86.Build.0 = Release|Any CPU
	EndGlobalSection
	GlobalSection(SolutionProperties) = preSolution
		HideSolutionNode = FALSE
	EndGlobalSection
	GlobalSection(NestedProjects) = preSolution
		{C2B51F65-A53C-4352-B039-249AE5BF8A46} = {7A03C2FB-5D87-4BE7-9089-CE1C252DCE6B}
		{52E37D57-75A7-44D0-9E17-FAF6FD5438A2} = {7A03C2FB-5D87-4BE7-9089-CE1C252DCE6B}
		{23363885-EEA4-4E6A-A306-97F63C1E9D84} = {7A03C2FB-5D87-4BE7-9089-CE1C252DCE6B}
		{00F63756-6D32-4BAA-BCF6-E4CA1691ED81} = {48F94D37-EDF8-4CE5-A4E7-CC406B187A05}
	EndGlobalSection
	GlobalSection(ExtensibilityGlobals) = postSolution
		SolutionGuid = {924C479E-8E9B-4ED3-8403-8C5C48A88807}
	EndGlobalSection
EndGlobal
